// !$*UTF8*$!
{
	archiveVersion = 1;
	classes = {
	};
	objectVersion = 46;
	objects = {

/* Begin PBXBuildFile section */
		DC8764511BDC6B5600CE793E /* AppDelegate.swift in Sources */ = {isa = PBXBuildFile; fileRef = DC8764501BDC6B5600CE793E /* AppDelegate.swift */; };
		DC8764531BDC6B5600CE793E /* ViewController.swift in Sources */ = {isa = PBXBuildFile; fileRef = DC8764521BDC6B5600CE793E /* ViewController.swift */; };
		DC8764561BDC6B5600CE793E /* Main.storyboard in Resources */ = {isa = PBXBuildFile; fileRef = DC8764541BDC6B5600CE793E /* Main.storyboard */; };
		DC8764581BDC6B5600CE793E /* Assets.xcassets in Resources */ = {isa = PBXBuildFile; fileRef = DC8764571BDC6B5600CE793E /* Assets.xcassets */; };
		DC87645B1BDC6B5600CE793E /* LaunchScreen.storyboard in Resources */ = {isa = PBXBuildFile; fileRef = DC8764591BDC6B5600CE793E /* LaunchScreen.storyboard */; };
/* End PBXBuildFile section */

/* Begin PBXFileReference section */
		DC87644D1BDC6B5600CE793E /* monster application.app */ = {isa = PBXFileReference; explicitFileType = wrapper.application; includeInIndex = 0; path = "monster application.app"; sourceTree = BUILT_PRODUCTS_DIR; };
		DC8764501BDC6B5600CE793E /* AppDelegate.swift */ = {isa = PBXFileReference; lastKnownFileType = sourcecode.swift; path = AppDelegate.swift; sourceTree = "<group>"; };
		DC8764521BDC6B5600CE793E /* ViewController.swift */ = {isa = PBXFileReference; lastKnownFileType = sourcecode.swift; path = ViewController.swift; sourceTree = "<group>"; };
		DC8764551BDC6B5600CE793E /* Base */ = {isa = PBXFileReference; lastKnownFileType = file.storyboard; name = Base; path = Base.lproj/Main.storyboard; sourceTree = "<group>"; };
		DC8764571BDC6B5600CE793E /* Assets.xcassets */ = {isa = PBXFileReference; lastKnownFileType = folder.assetcatalog; path = Assets.xcassets; sourceTree = "<group>"; };
		DC87645A1BDC6B5600CE793E /* Base */ = {isa = PBXFileReference; lastKnownFileType = file.storyboard; name = Base; path = Base.lproj/LaunchScreen.storyboard; sourceTree = "<group>"; };
		DC87645C1BDC6B5600CE793E /* Info.plist */ = {isa = PBXFileReference; lastKnownFileType = text.plist.xml; path = Info.plist; sourceTree = "<group>"; };
/* End PBXFileReference section */

/* Begin PBXFrameworksBuildPhase section */
		DC87644A1BDC6B5600CE793E /* Frameworks */ = {
			isa = PBXFrameworksBuildPhase;
			buildActionMask = 2147483647;
			files = (
			);
			runOnlyForDeploymentPostprocessing = 0;
		};
/* End PBXFrameworksBuildPhase section */

/* Begin PBXGroup section */
		DC8764441BDC6B5600CE793E = {
			isa = PBXGroup;
			children = (
				DC87644F1BDC6B5600CE793E /* monster application */,
				DC87644E1BDC6B5600CE793E /* Products */,
			);
			sourceTree = "<group>";
		};
		DC87644E1BDC6B5600CE793E /* Products */ = {
			isa = PBXGroup;
			children = (
				DC87644D1BDC6B5600CE793E /* monster application.app */,
			);
			name = Products;
			sourceTree = "<group>";
		};
		DC87644F1BDC6B5600CE793E /* monster application */ = {
			isa = PBXGroup;
			children = (
				DC8764501BDC6B5600CE793E /* AppDelegate.swift */,
				DC8764521BDC6B5600CE793E /* ViewController.swift */,
				DC8764541BDC6B5600CE793E /* Main.storyboard */,
				DC8764571BDC6B5600CE793E /* Assets.xcassets */,
				DC8764591BDC6B5600CE793E /* LaunchScreen.storyboard */,
				DC87645C1BDC6B5600CE793E /* Info.plist */,
			);
			path = "monster application";
			sourceTree = "<group>";
		};
/* End PBXGroup section */

/* Begin PBXNativeTarget section */
		DC87644C1BDC6B5600CE793E /* monster application */ = {
			isa = PBXNativeTarget;
			buildConfigurationList = DC87645F1BDC6B5600CE793E /* Build configuration list for PBXNativeTarget "monster application" */;
			buildPhases = (
				DC8764491BDC6B5600CE793E /* Sources */,
				DC87644A1BDC6B5600CE793E /* Frameworks */,
				DC87644B1BDC6B5600CE793E /* Resources */,
			);
			buildRules = (
			);
			dependencies = (
			);
			name = "monster application";
			productName = "monster application";
			productReference = DC87644D1BDC6B5600CE793E /* monster application.app */;
			productType = "com.apple.product-type.application";
		};
/* End PBXNativeTarget section */

/* Begin PBXProject section */
		DC8764451BDC6B5600CE793E /* Project object */ = {
			isa = PBXProject;
			attributes = {
				LastSwiftUpdateCheck = 0710;
				LastUpgradeCheck = 0710;
				ORGANIZATIONNAME = Kersuzan;
				TargetAttributes = {
					DC87644C1BDC6B5600CE793E = {
						CreatedOnToolsVersion = 7.1;
					};
				};
			};
			buildConfigurationList = DC8764481BDC6B5600CE793E /* Build configuration list for PBXProject "monster application" */;
			compatibilityVersion = "Xcode 3.2";
			developmentRegion = English;
			hasScannedForEncodings = 0;
			knownRegions = (
				en,
				Base,
			);
			mainGroup = DC8764441BDC6B5600CE793E;
			productRefGroup = DC87644E1BDC6B5600CE793E /* Products */;
			projectDirPath = "";
			projectRoot = "";
			targets = (
				DC87644C1BDC6B5600CE793E /* monster application */,
			);
		};
/* End PBXProject section */

/* Begin PBXResourcesBuildPhase section */
		DC87644B1BDC6B5600CE793E /* Resources */ = {
			isa = PBXResourcesBuildPhase;
			buildActionMask = 2147483647;
			files = (
				DC87645B1BDC6B5600CE793E /* LaunchScreen.storyboard in Resources */,
				DC8764581BDC6B5600CE793E /* Assets.xcassets in Resources */,
				DC8764561BDC6B5600CE793E /* Main.storyboard in Resources */,
			);
			runOnlyForDeploymentPostprocessing = 0;
		};
/* End PBXResourcesBuildPhase section */

/* Begin PBXSourcesBuildPhase section */
		DC8764491BDC6B5600CE793E /* Sources */ = {
			isa = PBXSourcesBuildPhase;
			buildActionMask = 2147483647;
			files = (
				DC8764531BDC6B5600CE793E /* ViewController.swift in Sources */,
				DC8764511BDC6B5600CE793E /* AppDelegate.swift in Sources */,
			);
			runOnlyForDeploymentPostprocessing = 0;
		};
/* End PBXSourcesBuildPhase section */

/* Begin PBXVariantGroup section */
		DC8764541BDC6B5600CE793E /* Main.storyboard */ = {
			isa = PBXVariantGroup;
			children = (
				DC8764551BDC6B5600CE793E /* Base */,
			);
			name = Main.storyboard;
			sourceTree = "<group>";
		};
		DC8764591BDC6B5600CE793E /* LaunchScreen.storyboard */ = {
			isa = PBXVariantGroup;
			children = (
				DC87645A1BDC6B5600CE793E /* Base */,
			);
			name = LaunchScreen.storyboard;
			sourceTree = "<group>";
		};
/* End PBXVariantGroup section */

/* Begin XCBuildConfiguration section */
		DC87645D1BDC6B5600CE793E /* Debug */ = {
			isa = XCBuildConfiguration;
			buildSettings = {
				ALWAYS_SEARCH_USER_PATHS = NO;
				CLANG_CXX_LANGUAGE_STANDARD = "gnu++0x";
				CLANG_CXX_LIBRARY = "libc++";
				CLANG_ENABLE_MODULES = YES;
				CLANG_ENABLE_OBJC_ARC = YES;
				CLANG_WARN_BOOL_CONVERSION = YES;
				CLANG_WARN_CONSTANT_CONVERSION = YES;
				CLANG_WARN_DIRECT_OBJC_ISA_USAGE = YES_ERROR;
				CLANG_WARN_EMPTY_BODY = YES;
				CLANG_WARN_ENUM_CONVERSION = YES;
				CLANG_WARN_INT_CONVERSION = YES;
				CLANG_WARN_OBJC_ROOT_CLASS = YES_ERROR;
				CLANG_WARN_UNREACHABLE_CODE = YES;
				CLANG_WARN__DUPLICATE_METHOD_MATCH = YES;
				"CODE_SIGN_IDENTITY[sdk=iphoneos*]" = "iPhone Developer";
				COPY_PHASE_STRIP = NO;
				DEBUG_INFORMATION_FORMAT = dwarf;
				ENABLE_STRICT_OBJC_MSGSEND = YES;
				ENABLE_TESTABILITY = YES;
				GCC_C_LANGUAGE_STANDARD = gnu99;
				GCC_DYNAMIC_NO_PIC = NO;
				GCC_NO_COMMON_BLOCKS = YES;
				GCC_OPTIMIZATION_LEVEL = 0;
				GCC_PREPROCESSOR_DEFINITIONS = (
					"DEBUG=1",
					"$(inherited)",
				);
				GCC_WARN_64_TO_32_BIT_CONVERSION = YES;
				GCC_WARN_ABOUT_RETURN_TYPE = YES_ERROR;
				GCC_WARN_UNDECLARED_SELECTOR = YES;
				GCC_WARN_UNINITIALIZED_AUTOS = YES_AGGRESSIVE;
				GCC_WARN_UNUSED_FUNCTION = YES;
				GCC_WARN_UNUSED_VARIABLE = YES;
				IPHONEOS_DEPLOYMENT_TARGET = 9.1;
				MTL_ENABLE_DEBUG_INFO = YES;
				ONLY_ACTIVE_ARCH = YES;
				SDKROOT = iphoneos;
				SWIFT_OPTIMIZATION_LEVEL = "-Onone";
				TARGETED_DEVICE_FAMILY = "1,2";
			};
			name = Debug;
		};
		DC87645E1BDC6B5600CE793E /* Release */ = {
			isa = XCBuildConfiguration;
			buildSettings = {
				ALWAYS_SEARCH_USER_PATHS = NO;
				CLANG_CXX_LANGUAGE_STANDARD = "gnu++0x";
				CLANG_CXX_LIBRARY = "libc++";
				CLANG_ENABLE_MODULES = YES;
				CLANG_ENABLE_OBJC_ARC = YES;
				CLANG_WARN_BOOL_CONVERSION = YES;
				CLANG_WARN_CONSTANT_CONVERSION = YES;
				CLANG_WARN_DIRECT_OBJC_ISA_USAGE = YES_ERROR;
				CLANG_WARN_EMPTY_BODY = YES;
				CLANG_WARN_ENUM_CONVERSION = YES;
				CLANG_WARN_INT_CONVERSION = YES;
				CLANG_WARN_OBJC_ROOT_CLASS = YES_ERROR;
				CLANG_WARN_UNREACHABLE_CODE = YES;
				CLANG_WARN__DUPLICATE_METHOD_MATCH = YES;
				"CODE_SIGN_IDENTITY[sdk=iphoneos*]" = "iPhone Developer";
				COPY_PHASE_STRIP = NO;
				DEBUG_INFORMATION_FORMAT = "dwarf-with-dsym";
				ENABLE_NS_ASSERTIONS = NO;
				ENABLE_STRICT_OBJC_MSGSEND = YES;
				GCC_C_LANGUAGE_STANDARD = gnu99;
				GCC_NO_COMMON_BLOCKS = YES;
				GCC_WARN_64_TO_32_BIT_CONVERSION = YES;
				GCC_WARN_ABOUT_RETURN_TYPE = YES_ERROR;
				GCC_WARN_UNDECLARED_SELECTOR = YES;
				GCC_WARN_UNINITIALIZED_AUTOS = YES_AGGRESSIVE;
				GCC_WARN_UNUSED_FUNCTION = YES;
				GCC_WARN_UNUSED_VARIABLE = YES;
				IPHONEOS_DEPLOYMENT_TARGET = 9.1;
				MTL_ENABLE_DEBUG_INFO = NO;
				SDKROOT = iphoneos;
				TARGETED_DEVICE_FAMILY = "1,2";
				VALIDATE_PRODUCT = YES;
			};
			name = Release;
		};
		DC8764601BDC6B5600CE793E /* Debug */ = {
			isa = XCBuildConfiguration;
			buildSettings = {
				ASSETCATALOG_COMPILER_APPICON_NAME = AppIcon;
				INFOPLIST_FILE = "monster application/Info.plist";
				LD_RUNPATH_SEARCH_PATHS = "$(inherited) @executable_path/Frameworks";
				PRODUCT_BUNDLE_IDENTIFIER = "com.kersuzan.monster-application";
				PRODUCT_NAME = "$(TARGET_NAME)";
			};
			name = Debug;
		};
		DC8764611BDC6B5600CE793E /* Release */ = {
			isa = XCBuildConfiguration;
			buildSettings = {
				ASSETCATALOG_COMPILER_APPICON_NAME = AppIcon;
				INFOPLIST_FILE = "monster application/Info.plist";
				LD_RUNPATH_SEARCH_PATHS = "$(inherited) @executable_path/Frameworks";
				PRODUCT_BUNDLE_IDENTIFIER = "com.kersuzan.monster-application";
				PRODUCT_NAME = "$(TARGET_NAME)";
			};
			name = Release;
		};
/* End XCBuildConfiguration section */

/* Begin XCConfigurationList section */
		DC8764481BDC6B5600CE793E /* Build configuration list for PBXProject "monster application" */ = {
			isa = XCConfigurationList;
			buildConfigurations = (
				DC87645D1BDC6B5600CE793E /* Debug */,
				DC87645E1BDC6B5600CE793E /* Release */,
			);
			defaultConfigurationIsVisible = 0;
			defaultConfigurationName = Release;
		};
		DC87645F1BDC6B5600CE793E /* Build configuration list for PBXNativeTarget "monster application" */ = {
			isa = XCConfigurationList;
			buildConfigurations = (
				DC8764601BDC6B5600CE793E /* Debug */,
				DC8764611BDC6B5600CE793E /* Release */,
			);
			defaultConfigurationIsVisible = 0;
		};
/* End XCConfigurationList section */
	};
	rootObject = DC8764451BDC6B5600CE793E /* Project object */;
}
